
Microsoft Visual Studio Solution File, Format Version 12.00
# Visual Studio 15
VisualStudioVersion = 15.0.28307.572
MinimumVisualStudioVersion = 10.0.40219.1
Project("{FAE04EC0-301F-11D3-BF4B-00C04F79EFBC}") = "Hitachi_Browser_Test", "HitachiEIP\Hitachi_Browser_Test.csproj", "{58367572-F59A-41D5-BA0A-9C372E7A39DC}"
	ProjectSection(ProjectDependencies) = postProject
		{97083701-AB25-4679-A9F2-A35B54BDF91A} = {97083701-AB25-4679-A9F2-A35B54BDF91A}
		{76D7BD64-37B1-4CE2-AC85-F50E39AE76C2} = {76D7BD64-37B1-4CE2-AC85-F50E39AE76C2}
	EndProjectSection
EndProject
Project("{FAE04EC0-301F-11D3-BF4B-00C04F79EFBC}") = "Hitachi_EIP_Test", "..\Hitachi_Browser_Test\H_EIP\Hitachi_EIP_Test.csproj", "{25148FD3-C997-47D4-BCC4-7D643339D935}"
	ProjectSection(ProjectDependencies) = postProject
		{97083701-AB25-4679-A9F2-A35B54BDF91A} = {97083701-AB25-4679-A9F2-A35B54BDF91A}
		{76D7BD64-37B1-4CE2-AC85-F50E39AE76C2} = {76D7BD64-37B1-4CE2-AC85-F50E39AE76C2}
	EndProjectSection
EndProject
Project("{FAE04EC0-301F-11D3-BF4B-00C04F79EFBC}") = "Hitachi_Browser_DLL", "..\Hitachi_Browser_DLL\HitachiBrowserDLL\Hitachi_Browser_DLL.csproj", "{76D7BD64-37B1-4CE2-AC85-F50E39AE76C2}"
	ProjectSection(ProjectDependencies) = postProject
		{97083701-AB25-4679-A9F2-A35B54BDF91A} = {97083701-AB25-4679-A9F2-A35B54BDF91A}
	EndProjectSection
EndProject
Project("{FAE04EC0-301F-11D3-BF4B-00C04F79EFBC}") = "Hitachi_EIP_DLL", "..\Hitachi_EIP_DLL\Hitachi_EIP\Hitachi_EIP_DLL.csproj", "{97083701-AB25-4679-A9F2-A35B54BDF91A}"
EndProject
Project("{FAE04EC0-301F-11D3-BF4B-00C04F79EFBC}") = "HitachiProtocol", "..\Hitachi_Protocol_DLL\HitachiProtocol\HitachiProtocol.csproj", "{7613CF93-474B-4BED-86AB-F79B5C8EC7E4}"
EndProject
Project("{FAE04EC0-301F-11D3-BF4B-00C04F79EFBC}") = "HitachiProtocol_Test", "..\HitachiProtocol_Test\HitachiProtocol_Test.csproj", "{6EB1C6B3-D8B0-4133-9DB4-BB64545AEF81}"
EndProject
Project("{FAE04EC0-301F-11D3-BF4B-00C04F79EFBC}") = "IJPLib_Test", "..\IJPLib_Test\IJPLib_Test\IJPLib_Test.csproj", "{13AF631A-0D65-415E-BA8B-A50597B7F177}"
EndProject
Project("{FAE04EC0-301F-11D3-BF4B-00C04F79EFBC}") = "IJPLibXML", "..\IJPLibXML\IJPLibXML\IJPLibXML.csproj", "{E62B49E1-BC8D-4A30-82DB-028F88486BD1}"
EndProject
Project("{FAE04EC0-301F-11D3-BF4B-00C04F79EFBC}") = "ModBus161", "..\HitachiModbus\ModBus161\ModBus161.csproj", "{9F013FF0-5918-4F1A-B8A3-70A7ECCA63D0}"
EndProject
Global
	GlobalSection(SolutionConfigurationPlatforms) = preSolution
		Debug|Any CPU = Debug|Any CPU
		Release|Any CPU = Release|Any CPU
	EndGlobalSection
	GlobalSection(ProjectConfigurationPlatforms) = postSolution
		{58367572-F59A-41D5-BA0A-9C372E7A39DC}.Debug|Any CPU.ActiveCfg = Debug|Any CPU
		{58367572-F59A-41D5-BA0A-9C372E7A39DC}.Debug|Any CPU.Build.0 = Debug|Any CPU
		{58367572-F59A-41D5-BA0A-9C372E7A39DC}.Release|Any CPU.ActiveCfg = Release|Any CPU
		{58367572-F59A-41D5-BA0A-9C372E7A39DC}.Release|Any CPU.Build.0 = Release|Any CPU
		{25148FD3-C997-47D4-BCC4-7D643339D935}.Debug|Any CPU.ActiveCfg = Debug|Any CPU
		{25148FD3-C997-47D4-BCC4-7D643339D935}.Debug|Any CPU.Build.0 = Debug|Any CPU
		{25148FD3-C997-47D4-BCC4-7D643339D935}.Release|Any CPU.ActiveCfg = Release|Any CPU
		{25148FD3-C997-47D4-BCC4-7D643339D935}.Release|Any CPU.Build.0 = Release|Any CPU
		{76D7BD64-37B1-4CE2-AC85-F50E39AE76C2}.Debug|Any CPU.ActiveCfg = Debug|Any CPU
		{76D7BD64-37B1-4CE2-AC85-F50E39AE76C2}.Debug|Any CPU.Build.0 = Debug|Any CPU
		{76D7BD64-37B1-4CE2-AC85-F50E39AE76C2}.Release|Any CPU.ActiveCfg = Release|Any CPU
		{76D7BD64-37B1-4CE2-AC85-F50E39AE76C2}.Release|Any CPU.Build.0 = Release|Any CPU
		{97083701-AB25-4679-A9F2-A35B54BDF91A}.Debug|Any CPU.ActiveCfg = Debug|Any CPU
		{97083701-AB25-4679-A9F2-A35B54BDF91A}.Debug|Any CPU.Build.0 = Debug|Any CPU
		{97083701-AB25-4679-A9F2-A35B54BDF91A}.Release|Any CPU.ActiveCfg = Release|Any CPU
		{97083701-AB25-4679-A9F2-A35B54BDF91A}.Release|Any CPU.Build.0 = Release|Any CPU
		{7613CF93-474B-4BED-86AB-F79B5C8EC7E4}.Debug|Any CPU.ActiveCfg = Debug|Any CPU
		{7613CF93-474B-4BED-86AB-F79B5C8EC7E4}.Debug|Any CPU.Build.0 = Debug|Any CPU
		{7613CF93-474B-4BED-86AB-F79B5C8EC7E4}.Release|Any CPU.ActiveCfg = Release|Any CPU
		{7613CF93-474B-4BED-86AB-F79B5C8EC7E4}.Release|Any CPU.Build.0 = Release|Any CPU
		{6EB1C6B3-D8B0-4133-9DB4-BB64545AEF81}.Debug|Any CPU.ActiveCfg = Debug|Any CPU
		{6EB1C6B3-D8B0-4133-9DB4-BB64545AEF81}.Debug|Any CPU.Build.0 = Debug|Any CPU
		{6EB1C6B3-D8B0-4133-9DB4-BB64545AEF81}.Release|Any CPU.ActiveCfg = Release|Any CPU
		{6EB1C6B3-D8B0-4133-9DB4-BB64545AEF81}.Release|Any CPU.Build.0 = Release|Any CPU
		{13AF631A-0D65-415E-BA8B-A50597B7F177}.Debug|Any CPU.ActiveCfg = Debug|Any CPU
		{13AF631A-0D65-415E-BA8B-A50597B7F177}.Debug|Any CPU.Build.0 = Debug|Any CPU
		{13AF631A-0D65-415E-BA8B-A50597B7F177}.Release|Any CPU.ActiveCfg = Release|Any CPU
		{13AF631A-0D65-415E-BA8B-A50597B7F177}.Release|Any CPU.Build.0 = Release|Any CPU
		{E62B49E1-BC8D-4A30-82DB-028F88486BD1}.Debug|Any CPU.ActiveCfg = Debug|Any CPU
		{E62B49E1-BC8D-4A30-82DB-028F88486BD1}.Debug|Any CPU.Build.0 = Debug|Any CPU
		{E62B49E1-BC8D-4A30-82DB-028F88486BD1}.Release|Any CPU.ActiveCfg = Release|Any CPU
		{E62B49E1-BC8D-4A30-82DB-028F88486BD1}.Release|Any CPU.Build.0 = Release|Any CPU
		{9F013FF0-5918-4F1A-B8A3-70A7ECCA63D0}.Debug|Any CPU.ActiveCfg = Debug|Any CPU
		{9F013FF0-5918-4F1A-B8A3-70A7ECCA63D0}.Debug|Any CPU.Build.0 = Debug|Any CPU
		{9F013FF0-5918-4F1A-B8A3-70A7ECCA63D0}.Release|Any CPU.ActiveCfg = Release|Any CPU
		{9F013FF0-5918-4F1A-B8A3-70A7ECCA63D0}.Release|Any CPU.Build.0 = Release|Any CPU
	EndGlobalSection
	GlobalSection(SolutionProperties) = preSolution
		HideSolutionNode = FALSE
	EndGlobalSection
	GlobalSection(ExtensibilityGlobals) = postSolution
		SolutionGuid = {0114734A-58C7-497D-B2FE-29F10225EC86}
	EndGlobalSection
EndGlobal
